{
  "version": 4,
  "terraform_version": "1.7.5",
  "serial": 18,
  "lineage": "5617b253-0279-426a-864e-0a7dc5678eae",
  "outputs": {
    "my_output_file_id": {
      "value": "9cc84f168a9130a60b416a35cd5e54406149cfbc",
      "type": "string"
    },
    "my_output_from_data_source_of_sample_file": {
      "value": "Another file here!",
      "type": "string"
    }
  },
  "resources": [
    {
      "mode": "data",
      "type": "local_file",
      "name": "my_another_file",
      "provider": "provider[\"registry.terraform.io/hashicorp/local\"]",
      "instances": [
        {
          "schema_version": 0,
          "attributes": {
            "content": "Another file here!",
            "content_base64": "QW5vdGhlciBmaWxlIGhlcmUh",
            "content_base64sha256": "LSLKLAGkGCrh4Ln1EvLn9N8thIa055IFJmuAIImANro=",
            "content_base64sha512": "K5Ly9S6x9OwJcl9wbvGamgLBiXjagls/gEY7Szh7tQ6TvYbMUzfOs+sgjC9o0UKai0nhh2fKQ/3p54DFEdvQNg==",
            "content_md5": "1259ec9640f055c902948794f2de1426",
            "content_sha1": "bb1d8c118471df7cc324b492e0fd2d4aa79dd8a2",
            "content_sha256": "2d22ca2c01a4182ae1e0b9f512f2e7f4df2d8486b4e79205266b8020898036ba",
            "content_sha512": "2b92f2f52eb1f4ec09725f706ef19a9a02c18978da825b3f80463b4b387bb50e93bd86cc5337ceb3eb208c2f68d1429a8b49e18767ca43fde9e780c511dbd036",
            "filename": "another_file.txt",
            "id": "bb1d8c118471df7cc324b492e0fd2d4aa79dd8a2"
          },
          "sensitive_attributes": []
        }
      ]
    },
    {
      "mode": "managed",
      "type": "local_file",
      "name": "my_very_nice_file",
      "provider": "provider[\"registry.terraform.io/hashicorp/local\"]",
      "instances": [
        {
          "schema_version": 0,
          "attributes": {
            "content": "my content!",
            "content_base64": null,
            "content_base64sha256": "Oy4Is6adqgTPdGz1gksp+1XEtPLPv9+Hw4bqmMGxfFI=",
            "content_base64sha512": "C+t9eBemmIb3O5zsdDuPK1tz1hX0RoTjZ/Opc6gOURYXZvdEyL+MAywya7YXssA92dzkqFWczF9m1YIBAd++8Q==",
            "content_md5": "560e47623c6c5543fbe300d2db46d66f",
            "content_sha1": "9cc84f168a9130a60b416a35cd5e54406149cfbc",
            "content_sha256": "3b2e08b3a69daa04cf746cf5824b29fb55c4b4f2cfbfdf87c386ea98c1b17c52",
            "content_sha512": "0beb7d7817a69886f73b9cec743b8f2b5b73d615f44684e367f3a973a80e51161766f744c8bf8c032c326bb617b2c03dd9dce4a8559ccc5f66d5820101dfbef1",
            "directory_permission": "0777",
            "file_permission": "0777",
            "filename": "my_nice_file.txt",
            "id": "9cc84f168a9130a60b416a35cd5e54406149cfbc",
            "sensitive_content": null,
            "source": null
          },
          "sensitive_attributes": []
        }
      ]
    }
  ],
  "check_results": null
}
