{
  "version": 4,
  "terraform_version": "1.7.5",
  "serial": 21,
  "lineage": "5617b253-0279-426a-864e-0a7dc5678eae",
  "outputs": {
    "my_output_file_id": {
      "value": "c6953b28c09e7b6ec0ed48295ac9737506b8b92d",
      "type": "string"
    },
    "my_output_from_data_source_of_sample_file": {
      "value": "Another file here!",
      "type": "string"
    }
  },
  "resources": [
    {
      "mode": "data",
      "type": "local_file",
      "name": "my_another_file",
      "provider": "provider[\"registry.terraform.io/hashicorp/local\"]",
      "instances": [
        {
          "schema_version": 0,
          "attributes": {
            "content": "Another file here!",
            "content_base64": "QW5vdGhlciBmaWxlIGhlcmUh",
            "content_base64sha256": "LSLKLAGkGCrh4Ln1EvLn9N8thIa055IFJmuAIImANro=",
            "content_base64sha512": "K5Ly9S6x9OwJcl9wbvGamgLBiXjagls/gEY7Szh7tQ6TvYbMUzfOs+sgjC9o0UKai0nhh2fKQ/3p54DFEdvQNg==",
            "content_md5": "1259ec9640f055c902948794f2de1426",
            "content_sha1": "bb1d8c118471df7cc324b492e0fd2d4aa79dd8a2",
            "content_sha256": "2d22ca2c01a4182ae1e0b9f512f2e7f4df2d8486b4e79205266b8020898036ba",
            "content_sha512": "2b92f2f52eb1f4ec09725f706ef19a9a02c18978da825b3f80463b4b387bb50e93bd86cc5337ceb3eb208c2f68d1429a8b49e18767ca43fde9e780c511dbd036",
            "filename": "another_file.txt",
            "id": "bb1d8c118471df7cc324b492e0fd2d4aa79dd8a2"
          },
          "sensitive_attributes": []
        }
      ]
    },
    {
      "mode": "managed",
      "type": "local_file",
      "name": "my_very_nice_file",
      "provider": "provider[\"registry.terraform.io/hashicorp/local\"]",
      "instances": [
        {
          "schema_version": 0,
          "attributes": {
            "content": "my content",
            "content_base64": null,
            "content_base64sha256": "R6lpBXCOVHBSh1IWn4Dh2Ni3nFme01sJefufF+m6v+Y=",
            "content_base64sha512": "srsc/EaxUpXwOuTHiFyP8+wXQJvFR4xzXhV9V4Rt/JpbKy/9ufAANaJFLwNweqRbBcSA4BoZSKA8vKBmZ/7XxQ==",
            "content_md5": "f2bfa7fc155c4f42cb91404198dda01f",
            "content_sha1": "c6953b28c09e7b6ec0ed48295ac9737506b8b92d",
            "content_sha256": "47a96905708e5470528752169f80e1d8d8b79c599ed35b0979fb9f17e9babfe6",
            "content_sha512": "b2bb1cfc46b15295f03ae4c7885c8ff3ec17409bc5478c735e157d57846dfc9a5b2b2ffdb9f00035a2452f03707aa45b05c480e01a1948a03cbca06667fed7c5",
            "directory_permission": "0777",
            "file_permission": "0777",
            "filename": "my_nice_file.txt",
            "id": "c6953b28c09e7b6ec0ed48295ac9737506b8b92d",
            "sensitive_content": null,
            "source": null
          },
          "sensitive_attributes": []
        }
      ]
    }
  ],
  "check_results": null
}
